# generated by rye
# use `rye lock` or `rye sync` to update this lockfile
#
# last locked with the following flags:
#   pre: false
#   features: []
#   all-features: false

-e file:.
-e file:pyprojects/secretnote
-e file:pyprojects/spu-stubs
attrs==23.1.0
deprecated==1.2.14
flatdict==4.0.1
importlib-metadata==6.8.0
jsonlines==4.0.0
loguru==0.7.2
more-itertools==10.1.0
opentelemetry-api==1.20.0
opentelemetry-sdk==1.20.0
opentelemetry-semantic-conventions==0.41b0
orjson==3.9.9
packaging==23.2
pydantic==1.10.13
pyhumps==3.8.0
ruamel-yaml==0.17.33
ruamel-yaml-clib==0.2.8
typing-extensions==4.8.0
wrapt==1.15.0
zipp==3.17.0
