# generated by rye
# use `rye lock` or `rye sync` to update this lockfile
#
# last locked with the following flags:
#   pre: false
#   features: []
#   all-features: false

-e file:.
-e file:pyprojects/secretnote
-e file:pyprojects/spu-stubs
loguru==0.7.2
packaging==23.1
pydantic==1.10.12
ruamel-yaml==0.17.32
ruamel-yaml-clib==0.2.7
typing-extensions==4.7.1
