# Generated by buf. DO NOT EDIT.
version: v1
deps:
  - remote: buf.build
    owner: opentelemetry
    repository: opentelemetry
    commit: c5370fbbc76844b595972771b6888e08
    digest: shake256:1cd6aa4b458ae4874f645bc35cb667c19e1edcced751a0f409c96b85110c7cbb52aab415898a9034c591fa0f3d92086824bba3b6f923cd72c26a24a44c5fa3f8
